
Microsoft Visual Studio Solution File, Format Version 12.00
# Visual Studio 15
VisualStudioVersion = 15.0.28307.168
MinimumVisualStudioVersion = 10.0.40219.1
Project("{9092AA53-FB77-4645-B42D-1CCCA6BD08BD}") = "node-scorm-wrapper", "node-scorm-wrapper\node-scorm-wrapper.njsproj", "{26F97739-5D72-461E-BED0-C794F366B86C}"
EndProject
Global
	GlobalSection(SolutionConfigurationPlatforms) = preSolution
		Debug|Any CPU = Debug|Any CPU
		Release|Any CPU = Release|Any CPU
	EndGlobalSection
	GlobalSection(ProjectConfigurationPlatforms) = postSolution
		{26F97739-5D72-461E-BED0-C794F366B86C}.Debug|Any CPU.ActiveCfg = Debug|Any CPU
		{26F97739-5D72-461E-BED0-C794F366B86C}.Debug|Any CPU.Build.0 = Debug|Any CPU
		{26F97739-5D72-461E-BED0-C794F366B86C}.Release|Any CPU.ActiveCfg = Release|Any CPU
		{26F97739-5D72-461E-BED0-C794F366B86C}.Release|Any CPU.Build.0 = Release|Any CPU
	EndGlobalSection
	GlobalSection(SolutionProperties) = preSolution
		HideSolutionNode = FALSE
	EndGlobalSection
	GlobalSection(ExtensibilityGlobals) = postSolution
		SolutionGuid = {3574D9C5-7FAD-40A3-8719-18D0FE6A1138}
	EndGlobalSection
EndGlobal
